
Microsoft Visual Studio Solution File, Format Version 12.00
# Visual Studio 15
VisualStudioVersion = 15.0.33919.361
MinimumVisualStudioVersion = 10.0.40219.1
Project("{9A19103F-16F7-4668-BE54-9A1E7A4F7556}") = "brenman60's Modpack Manager", "brenman60's Modpack Manager\brenman60's Modpack Manager.csproj", "{3ACF5595-B844-4C2A-B68F-AFE501E24FD1}"
EndProject
Project("{9A19103F-16F7-4668-BE54-9A1E7A4F7556}") = "brenman60's Modpack Manager Updater", "brenman60's Modpack Manager Updater\brenman60's Modpack Manager Updater.csproj", "{12CC65DE-64B1-467D-9022-9C40C5DC89B3}"
EndProject
Project("{9A19103F-16F7-4668-BE54-9A1E7A4F7556}") = "ModpackManager", "ModpackManager\ModpackManager.csproj", "{DE8D77CB-4A58-4546-AB0F-B26B1810531D}"
EndProject
Global
	GlobalSection(SolutionConfigurationPlatforms) = preSolution
		Debug|Any CPU = Debug|Any CPU
		Release|Any CPU = Release|Any CPU
	EndGlobalSection
	GlobalSection(ProjectConfigurationPlatforms) = postSolution
		{3ACF5595-B844-4C2A-B68F-AFE501E24FD1}.Debug|Any CPU.ActiveCfg = Debug|Any CPU
		{3ACF5595-B844-4C2A-B68F-AFE501E24FD1}.Debug|Any CPU.Build.0 = Debug|Any CPU
		{3ACF5595-B844-4C2A-B68F-AFE501E24FD1}.Release|Any CPU.ActiveCfg = Release|Any CPU
		{3ACF5595-B844-4C2A-B68F-AFE501E24FD1}.Release|Any CPU.Build.0 = Release|Any CPU
		{12CC65DE-64B1-467D-9022-9C40C5DC89B3}.Debug|Any CPU.ActiveCfg = Debug|Any CPU
		{12CC65DE-64B1-467D-9022-9C40C5DC89B3}.Debug|Any CPU.Build.0 = Debug|Any CPU
		{12CC65DE-64B1-467D-9022-9C40C5DC89B3}.Release|Any CPU.ActiveCfg = Release|Any CPU
		{12CC65DE-64B1-467D-9022-9C40C5DC89B3}.Release|Any CPU.Build.0 = Release|Any CPU
		{DE8D77CB-4A58-4546-AB0F-B26B1810531D}.Debug|Any CPU.ActiveCfg = Debug|Any CPU
		{DE8D77CB-4A58-4546-AB0F-B26B1810531D}.Debug|Any CPU.Build.0 = Debug|Any CPU
		{DE8D77CB-4A58-4546-AB0F-B26B1810531D}.Release|Any CPU.ActiveCfg = Release|Any CPU
		{DE8D77CB-4A58-4546-AB0F-B26B1810531D}.Release|Any CPU.Build.0 = Release|Any CPU
	EndGlobalSection
	GlobalSection(SolutionProperties) = preSolution
		HideSolutionNode = FALSE
	EndGlobalSection
	GlobalSection(ExtensibilityGlobals) = postSolution
		SolutionGuid = {4281FCCE-D3E4-4E97-A170-1613B651DEDE}
	EndGlobalSection
EndGlobal
