
Microsoft Visual Studio Solution File, Format Version 12.00
# Visual Studio Version 17
VisualStudioVersion = 17.8.34322.80
MinimumVisualStudioVersion = 10.0.40219.1
Project("{FAE04EC0-301F-11D3-BF4B-00C04F79EFBC}") = "brenman60's Modpack Manager", "brenman60's Modpack Manager.csproj", "{957BA9C6-8948-4081-8D27-B0B149106602}"
EndProject
Global
	GlobalSection(SolutionConfigurationPlatforms) = preSolution
		Debug|Any CPU = Debug|Any CPU
		Release|Any CPU = Release|Any CPU
	EndGlobalSection
	GlobalSection(ProjectConfigurationPlatforms) = postSolution
		{957BA9C6-8948-4081-8D27-B0B149106602}.Debug|Any CPU.ActiveCfg = Debug|Any CPU
		{957BA9C6-8948-4081-8D27-B0B149106602}.Debug|Any CPU.Build.0 = Debug|Any CPU
		{957BA9C6-8948-4081-8D27-B0B149106602}.Release|Any CPU.ActiveCfg = Release|Any CPU
		{957BA9C6-8948-4081-8D27-B0B149106602}.Release|Any CPU.Build.0 = Release|Any CPU
	EndGlobalSection
	GlobalSection(SolutionProperties) = preSolution
		HideSolutionNode = FALSE
	EndGlobalSection
	GlobalSection(ExtensibilityGlobals) = postSolution
		SolutionGuid = {4281FCCE-D3E4-4E97-A170-1613B651DEDE}
	EndGlobalSection
EndGlobal
